// !$*UTF8*$!
{
	archiveVersion = 1;
	classes = {
	};
	objectVersion = 48;
	objects = {

/* Begin PBXBuildFile section */
		3016160F1FD99F8C00A44594 /* AppDelegate.swift in Sources */ = {isa = PBXBuildFile; fileRef = 3016160E1FD99F8C00A44594 /* AppDelegate.swift */; };
		301616111FD99F8C00A44594 /* ViewController.swift in Sources */ = {isa = PBXBuildFile; fileRef = 301616101FD99F8C00A44594 /* ViewController.swift */; };
		301616141FD99F8C00A44594 /* Main.storyboard in Resources */ = {isa = PBXBuildFile; fileRef = 301616121FD99F8C00A44594 /* Main.storyboard */; };
		301616161FD99F8C00A44594 /* Assets.xcassets in Resources */ = {isa = PBXBuildFile; fileRef = 301616151FD99F8C00A44594 /* Assets.xcassets */; };
		301616191FD99F8C00A44594 /* LaunchScreen.storyboard in Resources */ = {isa = PBXBuildFile; fileRef = 301616171FD99F8C00A44594 /* LaunchScreen.storyboard */; };
		301616241FD99F8C00A44594 /* provaTests.swift in Sources */ = {isa = PBXBuildFile; fileRef = 301616231FD99F8C00A44594 /* provaTests.swift */; };
		3016162F1FD99F8C00A44594 /* provaUITests.swift in Sources */ = {isa = PBXBuildFile; fileRef = 3016162E1FD99F8C00A44594 /* provaUITests.swift */; };
/* End PBXBuildFile section */

/* Begin PBXContainerItemProxy section */
		301616201FD99F8C00A44594 /* PBXContainerItemProxy */ = {
			isa = PBXContainerItemProxy;
			containerPortal = 301616031FD99F8C00A44594 /* Project object */;
			proxyType = 1;
			remoteGlobalIDString = 3016160A1FD99F8C00A44594;
			remoteInfo = prova;
		};
		3016162B1FD99F8C00A44594 /* PBXContainerItemProxy */ = {
			isa = PBXContainerItemProxy;
			containerPortal = 301616031FD99F8C00A44594 /* Project object */;
			proxyType = 1;
			remoteGlobalIDString = 3016160A1FD99F8C00A44594;
			remoteInfo = prova;
		};
/* End PBXContainerItemProxy section */

/* Begin PBXFileReference section */
		3016160B1FD99F8C00A44594 /* prova.app */ = {isa = PBXFileReference; explicitFileType = wrapper.application; includeInIndex = 0; path = prova.app; sourceTree = BUILT_PRODUCTS_DIR; };
		3016160E1FD99F8C00A44594 /* AppDelegate.swift */ = {isa = PBXFileReference; lastKnownFileType = sourcecode.swift; path = AppDelegate.swift; sourceTree = "<group>"; };
		301616101FD99F8C00A44594 /* ViewController.swift */ = {isa = PBXFileReference; lastKnownFileType = sourcecode.swift; path = ViewController.swift; sourceTree = "<group>"; };
		301616131FD99F8C00A44594 /* Base */ = {isa = PBXFileReference; lastKnownFileType = file.storyboard; name = Base; path = Base.lproj/Main.storyboard; sourceTree = "<group>"; };
		301616151FD99F8C00A44594 /* Assets.xcassets */ = {isa = PBXFileReference; lastKnownFileType = folder.assetcatalog; path = Assets.xcassets; sourceTree = "<group>"; };
		301616181FD99F8C00A44594 /* Base */ = {isa = PBXFileReference; lastKnownFileType = file.storyboard; name = Base; path = Base.lproj/LaunchScreen.storyboard; sourceTree = "<group>"; };
		3016161A1FD99F8C00A44594 /* Info.plist */ = {isa = PBXFileReference; lastKnownFileType = text.plist.xml; path = Info.plist; sourceTree = "<group>"; };
		3016161F1FD99F8C00A44594 /* provaTests.xctest */ = {isa = PBXFileReference; explicitFileType = wrapper.cfbundle; includeInIndex = 0; path = provaTests.xctest; sourceTree = BUILT_PRODUCTS_DIR; };
		301616231FD99F8C00A44594 /* provaTests.swift */ = {isa = PBXFileReference; lastKnownFileType = sourcecode.swift; path = provaTests.swift; sourceTree = "<group>"; };
		301616251FD99F8C00A44594 /* Info.plist */ = {isa = PBXFileReference; lastKnownFileType = text.plist.xml; path = Info.plist; sourceTree = "<group>"; };
		3016162A1FD99F8C00A44594 /* provaUITests.xctest */ = {isa = PBXFileReference; explicitFileType = wrapper.cfbundle; includeInIndex = 0; path = provaUITests.xctest; sourceTree = BUILT_PRODUCTS_DIR; };
		3016162E1FD99F8C00A44594 /* provaUITests.swift */ = {isa = PBXFileReference; lastKnownFileType = sourcecode.swift; path = provaUITests.swift; sourceTree = "<group>"; };
		301616301FD99F8C00A44594 /* Info.plist */ = {isa = PBXFileReference; lastKnownFileType = text.plist.xml; path = Info.plist; sourceTree = "<group>"; };
/* End PBXFileReference section */

/* Begin PBXFrameworksBuildPhase section */
		301616081FD99F8C00A44594 /* Frameworks */ = {
			isa = PBXFrameworksBuildPhase;
			buildActionMask = 2147483647;
			files = (
			);
			runOnlyForDeploymentPostprocessing = 0;
		};
		3016161C1FD99F8C00A44594 /* Frameworks */ = {
			isa = PBXFrameworksBuildPhase;
			buildActionMask = 2147483647;
			files = (
			);
			runOnlyForDeploymentPostprocessing = 0;
		};
		301616271FD99F8C00A44594 /* Frameworks */ = {
			isa = PBXFrameworksBuildPhase;
			buildActionMask = 2147483647;
			files = (
			);
			runOnlyForDeploymentPostprocessing = 0;
		};
/* End PBXFrameworksBuildPhase section */

/* Begin PBXGroup section */
		301616021FD99F8C00A44594 = {
			isa = PBXGroup;
			children = (
				3016160D1FD99F8C00A44594 /* prova */,
				301616221FD99F8C00A44594 /* provaTests */,
				3016162D1FD99F8C00A44594 /* provaUITests */,
				3016160C1FD99F8C00A44594 /* Products */,
			);
			sourceTree = "<group>";
		};
		3016160C1FD99F8C00A44594 /* Products */ = {
			isa = PBXGroup;
			children = (
				3016160B1FD99F8C00A44594 /* prova.app */,
				3016161F1FD99F8C00A44594 /* provaTests.xctest */,
				3016162A1FD99F8C00A44594 /* provaUITests.xctest */,
			);
			name = Products;
			sourceTree = "<group>";
		};
		3016160D1FD99F8C00A44594 /* prova */ = {
			isa = PBXGroup;
			children = (
				3016160E1FD99F8C00A44594 /* AppDelegate.swift */,
				301616101FD99F8C00A44594 /* ViewController.swift */,
				301616121FD99F8C00A44594 /* Main.storyboard */,
				301616151FD99F8C00A44594 /* Assets.xcassets */,
				301616171FD99F8C00A44594 /* LaunchScreen.storyboard */,
				3016161A1FD99F8C00A44594 /* Info.plist */,
			);
			path = prova;
			sourceTree = "<group>";
		};
		301616221FD99F8C00A44594 /* provaTests */ = {
			isa = PBXGroup;
			children = (
				301616231FD99F8C00A44594 /* provaTests.swift */,
				301616251FD99F8C00A44594 /* Info.plist */,
			);
			path = provaTests;
			sourceTree = "<group>";
		};
		3016162D1FD99F8C00A44594 /* provaUITests */ = {
			isa = PBXGroup;
			children = (
				3016162E1FD99F8C00A44594 /* provaUITests.swift */,
				301616301FD99F8C00A44594 /* Info.plist */,
			);
			path = provaUITests;
			sourceTree = "<group>";
		};
/* End PBXGroup section */

/* Begin PBXNativeTarget section */
		3016160A1FD99F8C00A44594 /* prova */ = {
			isa = PBXNativeTarget;
			buildConfigurationList = 301616331FD99F8C00A44594 /* Build configuration list for PBXNativeTarget "prova" */;
			buildPhases = (
				301616071FD99F8C00A44594 /* Sources */,
				301616081FD99F8C00A44594 /* Frameworks */,
				301616091FD99F8C00A44594 /* Resources */,
			);
			buildRules = (
			);
			dependencies = (
			);
			name = prova;
			productName = prova;
			productReference = 3016160B1FD99F8C00A44594 /* prova.app */;
			productType = "com.apple.product-type.application";
		};
		3016161E1FD99F8C00A44594 /* provaTests */ = {
			isa = PBXNativeTarget;
			buildConfigurationList = 301616361FD99F8C00A44594 /* Build configuration list for PBXNativeTarget "provaTests" */;
			buildPhases = (
				3016161B1FD99F8C00A44594 /* Sources */,
				3016161C1FD99F8C00A44594 /* Frameworks */,
				3016161D1FD99F8C00A44594 /* Resources */,
			);
			buildRules = (
			);
			dependencies = (
				301616211FD99F8C00A44594 /* PBXTargetDependency */,
			);
			name = provaTests;
			productName = provaTests;
			productReference = 3016161F1FD99F8C00A44594 /* provaTests.xctest */;
			productType = "com.apple.product-type.bundle.unit-test";
		};
		301616291FD99F8C00A44594 /* provaUITests */ = {
			isa = PBXNativeTarget;
			buildConfigurationList = 301616391FD99F8C00A44594 /* Build configuration list for PBXNativeTarget "provaUITests" */;
			buildPhases = (
				301616261FD99F8C00A44594 /* Sources */,
				301616271FD99F8C00A44594 /* Frameworks */,
				301616281FD99F8C00A44594 /* Resources */,
			);
			buildRules = (
			);
			dependencies = (
				3016162C1FD99F8C00A44594 /* PBXTargetDependency */,
			);
			name = provaUITests;
			productName = provaUITests;
			productReference = 3016162A1FD99F8C00A44594 /* provaUITests.xctest */;
			productType = "com.apple.product-type.bundle.ui-testing";
		};
/* End PBXNativeTarget section */

/* Begin PBXProject section */
		301616031FD99F8C00A44594 /* Project object */ = {
			isa = PBXProject;
			attributes = {
				LastSwiftUpdateCheck = 0910;
				LastUpgradeCheck = 0910;
				ORGANIZATIONNAME = "Anna Cassino";
				TargetAttributes = {
					3016160A1FD99F8C00A44594 = {
						CreatedOnToolsVersion = 9.1;
						ProvisioningStyle = Automatic;
					};
					3016161E1FD99F8C00A44594 = {
						CreatedOnToolsVersion = 9.1;
						ProvisioningStyle = Automatic;
						TestTargetID = 3016160A1FD99F8C00A44594;
					};
					301616291FD99F8C00A44594 = {
						CreatedOnToolsVersion = 9.1;
						ProvisioningStyle = Automatic;
						TestTargetID = 3016160A1FD99F8C00A44594;
					};
				};
			};
			buildConfigurationList = 301616061FD99F8C00A44594 /* Build configuration list for PBXProject "prova" */;
			compatibilityVersion = "Xcode 8.0";
			developmentRegion = en;
			hasScannedForEncodings = 0;
			knownRegions = (
				en,
				Base,
			);
			mainGroup = 301616021FD99F8C00A44594;
			productRefGroup = 3016160C1FD99F8C00A44594 /* Products */;
			projectDirPath = "";
			projectRoot = "";
			targets = (
				3016160A1FD99F8C00A44594 /* prova */,
				3016161E1FD99F8C00A44594 /* provaTests */,
				301616291FD99F8C00A44594 /* provaUITests */,
			);
		};
/* End PBXProject section */

/* Begin PBXResourcesBuildPhase section */
		301616091FD99F8C00A44594 /* Resources */ = {
			isa = PBXResourcesBuildPhase;
			buildActionMask = 2147483647;
			files = (
				301616191FD99F8C00A44594 /* LaunchScreen.storyboard in Resources */,
				301616161FD99F8C00A44594 /* Assets.xcassets in Resources */,
				301616141FD99F8C00A44594 /* Main.storyboard in Resources */,
			);
			runOnlyForDeploymentPostprocessing = 0;
		};
		3016161D1FD99F8C00A44594 /* Resources */ = {
			isa = PBXResourcesBuildPhase;
			buildActionMask = 2147483647;
			files = (
			);
			runOnlyForDeploymentPostprocessing = 0;
		};
		301616281FD99F8C00A44594 /* Resources */ = {
			isa = PBXResourcesBuildPhase;
			buildActionMask = 2147483647;
			files = (
			);
			runOnlyForDeploymentPostprocessing = 0;
		};
/* End PBXResourcesBuildPhase section */

/* Begin PBXSourcesBuildPhase section */
		301616071FD99F8C00A44594 /* Sources */ = {
			isa = PBXSourcesBuildPhase;
			buildActionMask = 2147483647;
			files = (
				301616111FD99F8C00A44594 /* ViewController.swift in Sources */,
				3016160F1FD99F8C00A44594 /* AppDelegate.swift in Sources */,
			);
			runOnlyForDeploymentPostprocessing = 0;
		};
		3016161B1FD99F8C00A44594 /* Sources */ = {
			isa = PBXSourcesBuildPhase;
			buildActionMask = 2147483647;
			files = (
				301616241FD99F8C00A44594 /* provaTests.swift in Sources */,
			);
			runOnlyForDeploymentPostprocessing = 0;
		};
		301616261FD99F8C00A44594 /* Sources */ = {
			isa = PBXSourcesBuildPhase;
			buildActionMask = 2147483647;
			files = (
				3016162F1FD99F8C00A44594 /* provaUITests.swift in Sources */,
			);
			runOnlyForDeploymentPostprocessing = 0;
		};
/* End PBXSourcesBuildPhase section */

/* Begin PBXTargetDependency section */
		301616211FD99F8C00A44594 /* PBXTargetDependency */ = {
			isa = PBXTargetDependency;
			target = 3016160A1FD99F8C00A44594 /* prova */;
			targetProxy = 301616201FD99F8C00A44594 /* PBXContainerItemProxy */;
		};
		3016162C1FD99F8C00A44594 /* PBXTargetDependency */ = {
			isa = PBXTargetDependency;
			target = 3016160A1FD99F8C00A44594 /* prova */;
			targetProxy = 3016162B1FD99F8C00A44594 /* PBXContainerItemProxy */;
		};
/* End PBXTargetDependency section */

/* Begin PBXVariantGroup section */
		301616121FD99F8C00A44594 /* Main.storyboard */ = {
			isa = PBXVariantGroup;
			children = (
				301616131FD99F8C00A44594 /* Base */,
			);
			name = Main.storyboard;
			sourceTree = "<group>";
		};
		301616171FD99F8C00A44594 /* LaunchScreen.storyboard */ = {
			isa = PBXVariantGroup;
			children = (
				301616181FD99F8C00A44594 /* Base */,
			);
			name = LaunchScreen.storyboard;
			sourceTree = "<group>";
		};
/* End PBXVariantGroup section */

/* Begin XCBuildConfiguration section */
		301616311FD99F8C00A44594 /* Debug */ = {
			isa = XCBuildConfiguration;
			buildSettings = {
				ALWAYS_SEARCH_USER_PATHS = NO;
				CLANG_ANALYZER_NONNULL = YES;
				CLANG_ANALYZER_NUMBER_OBJECT_CONVERSION = YES_AGGRESSIVE;
				CLANG_CXX_LANGUAGE_STANDARD = "gnu++14";
				CLANG_CXX_LIBRARY = "libc++";
				CLANG_ENABLE_MODULES = YES;
				CLANG_ENABLE_OBJC_ARC = YES;
				CLANG_WARN_BLOCK_CAPTURE_AUTORELEASING = YES;
				CLANG_WARN_BOOL_CONVERSION = YES;
				CLANG_WARN_COMMA = YES;
				CLANG_WARN_CONSTANT_CONVERSION = YES;
				CLANG_WARN_DIRECT_OBJC_ISA_USAGE = YES_ERROR;
				CLANG_WARN_DOCUMENTATION_COMMENTS = YES;
				CLANG_WARN_EMPTY_BODY = YES;
				CLANG_WARN_ENUM_CONVERSION = YES;
				CLANG_WARN_INFINITE_RECURSION = YES;
				CLANG_WARN_INT_CONVERSION = YES;
				CLANG_WARN_NON_LITERAL_NULL_CONVERSION = YES;
				CLANG_WARN_OBJC_LITERAL_CONVERSION = YES;
				CLANG_WARN_OBJC_ROOT_CLASS = YES_ERROR;
				CLANG_WARN_RANGE_LOOP_ANALYSIS = YES;
				CLANG_WARN_STRICT_PROTOTYPES = YES;
				CLANG_WARN_SUSPICIOUS_MOVE = YES;
				CLANG_WARN_UNGUARDED_AVAILABILITY = YES_AGGRESSIVE;
				CLANG_WARN_UNREACHABLE_CODE = YES;
				CLANG_WARN__DUPLICATE_METHOD_MATCH = YES;
				CODE_SIGN_IDENTITY = "iPhone Developer";
				COPY_PHASE_STRIP = NO;
				DEBUG_INFORMATION_FORMAT = dwarf;
				ENABLE_STRICT_OBJC_MSGSEND = YES;
				ENABLE_TESTABILITY = YES;
				GCC_C_LANGUAGE_STANDARD = gnu11;
				GCC_DYNAMIC_NO_PIC = NO;
				GCC_NO_COMMON_BLOCKS = YES;
				GCC_OPTIMIZATION_LEVEL = 0;
				GCC_PREPROCESSOR_DEFINITIONS = (
					"DEBUG=1",
					"$(inherited)",
				);
				GCC_WARN_64_TO_32_BIT_CONVERSION = YES;
				GCC_WARN_ABOUT_RETURN_TYPE = YES_ERROR;
				GCC_WARN_UNDECLARED_SELECTOR = YES;
				GCC_WARN_UNINITIALIZED_AUTOS = YES_AGGRESSIVE;
				GCC_WARN_UNUSED_FUNCTION = YES;
				GCC_WARN_UNUSED_VARIABLE = YES;
				IPHONEOS_DEPLOYMENT_TARGET = 11.1;
				MTL_ENABLE_DEBUG_INFO = YES;
				ONLY_ACTIVE_ARCH = YES;
				SDKROOT = iphoneos;
				SWIFT_ACTIVE_COMPILATION_CONDITIONS = DEBUG;
				SWIFT_OPTIMIZATION_LEVEL = "-Onone";
			};
			name = Debug;
		};
		301616321FD99F8C00A44594 /* Release */ = {
			isa = XCBuildConfiguration;
			buildSettings = {
				ALWAYS_SEARCH_USER_PATHS = NO;
				CLANG_ANALYZER_NONNULL = YES;
				CLANG_ANALYZER_NUMBER_OBJECT_CONVERSION = YES_AGGRESSIVE;
				CLANG_CXX_LANGUAGE_STANDARD = "gnu++14";
				CLANG_CXX_LIBRARY = "libc++";
				CLANG_ENABLE_MODULES = YES;
				CLANG_ENABLE_OBJC_ARC = YES;
				CLANG_WARN_BLOCK_CAPTURE_AUTORELEASING = YES;
				CLANG_WARN_BOOL_CONVERSION = YES;
				CLANG_WARN_COMMA = YES;
				CLANG_WARN_CONSTANT_CONVERSION = YES;
				CLANG_WARN_DIRECT_OBJC_ISA_USAGE = YES_ERROR;
				CLANG_WARN_DOCUMENTATION_COMMENTS = YES;
				CLANG_WARN_EMPTY_BODY = YES;
				CLANG_WARN_ENUM_CONVERSION = YES;
				CLANG_WARN_INFINITE_RECURSION = YES;
				CLANG_WARN_INT_CONVERSION = YES;
				CLANG_WARN_NON_LITERAL_NULL_CONVERSION = YES;
				CLANG_WARN_OBJC_LITERAL_CONVERSION = YES;
				CLANG_WARN_OBJC_ROOT_CLASS = YES_ERROR;
				CLANG_WARN_RANGE_LOOP_ANALYSIS = YES;
				CLANG_WARN_STRICT_PROTOTYPES = YES;
				CLANG_WARN_SUSPICIOUS_MOVE = YES;
				CLANG_WARN_UNGUARDED_AVAILABILITY = YES_AGGRESSIVE;
				CLANG_WARN_UNREACHABLE_CODE = YES;
				CLANG_WARN__DUPLICATE_METHOD_MATCH = YES;
				CODE_SIGN_IDENTITY = "iPhone Developer";
				COPY_PHASE_STRIP = NO;
				DEBUG_INFORMATION_FORMAT = "dwarf-with-dsym";
				ENABLE_NS_ASSERTIONS = NO;
				ENABLE_STRICT_OBJC_MSGSEND = YES;
				GCC_C_LANGUAGE_STANDARD = gnu11;
				GCC_NO_COMMON_BLOCKS = YES;
				GCC_WARN_64_TO_32_BIT_CONVERSION = YES;
				GCC_WARN_ABOUT_RETURN_TYPE = YES_ERROR;
				GCC_WARN_UNDECLARED_SELECTOR = YES;
				GCC_WARN_UNINITIALIZED_AUTOS = YES_AGGRESSIVE;
				GCC_WARN_UNUSED_FUNCTION = YES;
				GCC_WARN_UNUSED_VARIABLE = YES;
				IPHONEOS_DEPLOYMENT_TARGET = 11.1;
				MTL_ENABLE_DEBUG_INFO = NO;
				SDKROOT = iphoneos;
				SWIFT_OPTIMIZATION_LEVEL = "-Owholemodule";
				VALIDATE_PRODUCT = YES;
			};
			name = Release;
		};
		301616341FD99F8C00A44594 /* Debug */ = {
			isa = XCBuildConfiguration;
			buildSettings = {
				ASSETCATALOG_COMPILER_APPICON_NAME = AppIcon;
				CODE_SIGN_STYLE = Automatic;
				INFOPLIST_FILE = prova/Info.plist;
				LD_RUNPATH_SEARCH_PATHS = "$(inherited) @executable_path/Frameworks";
				PRODUCT_BUNDLE_IDENTIFIER = iosda.org.prova;
				PRODUCT_NAME = "$(TARGET_NAME)";
				SWIFT_VERSION = 4.0;
				TARGETED_DEVICE_FAMILY = "1,2";
			};
			name = Debug;
		};
		301616351FD99F8C00A44594 /* Release */ = {
			isa = XCBuildConfiguration;
			buildSettings = {
				ASSETCATALOG_COMPILER_APPICON_NAME = AppIcon;
				CODE_SIGN_STYLE = Automatic;
				INFOPLIST_FILE = prova/Info.plist;
				LD_RUNPATH_SEARCH_PATHS = "$(inherited) @executable_path/Frameworks";
				PRODUCT_BUNDLE_IDENTIFIER = iosda.org.prova;
				PRODUCT_NAME = "$(TARGET_NAME)";
				SWIFT_VERSION = 4.0;
				TARGETED_DEVICE_FAMILY = "1,2";
			};
			name = Release;
		};
		301616371FD99F8C00A44594 /* Debug */ = {
			isa = XCBuildConfiguration;
			buildSettings = {
				ALWAYS_EMBED_SWIFT_STANDARD_LIBRARIES = YES;
				BUNDLE_LOADER = "$(TEST_HOST)";
				CODE_SIGN_STYLE = Automatic;
				INFOPLIST_FILE = provaTests/Info.plist;
				LD_RUNPATH_SEARCH_PATHS = "$(inherited) @executable_path/Frameworks @loader_path/Frameworks";
				PRODUCT_BUNDLE_IDENTIFIER = iosda.org.provaTests;
				PRODUCT_NAME = "$(TARGET_NAME)";
				SWIFT_VERSION = 4.0;
				TARGETED_DEVICE_FAMILY = "1,2";
				TEST_HOST = "$(BUILT_PRODUCTS_DIR)/prova.app/prova";
			};
			name = Debug;
		};
		301616381FD99F8C00A44594 /* Release */ = {
			isa = XCBuildConfiguration;
			buildSettings = {
				ALWAYS_EMBED_SWIFT_STANDARD_LIBRARIES = YES;
				BUNDLE_LOADER = "$(TEST_HOST)";
				CODE_SIGN_STYLE = Automatic;
				INFOPLIST_FILE = provaTests/Info.plist;
				LD_RUNPATH_SEARCH_PATHS = "$(inherited) @executable_path/Frameworks @loader_path/Frameworks";
				PRODUCT_BUNDLE_IDENTIFIER = iosda.org.provaTests;
				PRODUCT_NAME = "$(TARGET_NAME)";
				SWIFT_VERSION = 4.0;
				TARGETED_DEVICE_FAMILY = "1,2";
				TEST_HOST = "$(BUILT_PRODUCTS_DIR)/prova.app/prova";
			};
			name = Release;
		};
		3016163A1FD99F8C00A44594 /* Debug */ = {
			isa = XCBuildConfiguration;
			buildSettings = {
				ALWAYS_EMBED_SWIFT_STANDARD_LIBRARIES = YES;
				CODE_SIGN_STYLE = Automatic;
				INFOPLIST_FILE = provaUITests/Info.plist;
				LD_RUNPATH_SEARCH_PATHS = "$(inherited) @executable_path/Frameworks @loader_path/Frameworks";
				PRODUCT_BUNDLE_IDENTIFIER = iosda.org.provaUITests;
				PRODUCT_NAME = "$(TARGET_NAME)";
				SWIFT_VERSION = 4.0;
				TARGETED_DEVICE_FAMILY = "1,2";
				TEST_TARGET_NAME = prova;
			};
			name = Debug;
		};
		3016163B1FD99F8C00A44594 /* Release */ = {
			isa = XCBuildConfiguration;
			buildSettings = {
				ALWAYS_EMBED_SWIFT_STANDARD_LIBRARIES = YES;
				CODE_SIGN_STYLE = Automatic;
				INFOPLIST_FILE = provaUITests/Info.plist;
				LD_RUNPATH_SEARCH_PATHS = "$(inherited) @executable_path/Frameworks @loader_path/Frameworks";
				PRODUCT_BUNDLE_IDENTIFIER = iosda.org.provaUITests;
				PRODUCT_NAME = "$(TARGET_NAME)";
				SWIFT_VERSION = 4.0;
				TARGETED_DEVICE_FAMILY = "1,2";
				TEST_TARGET_NAME = prova;
			};
			name = Release;
		};
/* End XCBuildConfiguration section */

/* Begin XCConfigurationList section */
		301616061FD99F8C00A44594 /* Build configuration list for PBXProject "prova" */ = {
			isa = XCConfigurationList;
			buildConfigurations = (
				301616311FD99F8C00A44594 /* Debug */,
				301616321FD99F8C00A44594 /* Release */,
			);
			defaultConfigurationIsVisible = 0;
			defaultConfigurationName = Release;
		};
		301616331FD99F8C00A44594 /* Build configuration list for PBXNativeTarget "prova" */ = {
			isa = XCConfigurationList;
			buildConfigurations = (
				301616341FD99F8C00A44594 /* Debug */,
				301616351FD99F8C00A44594 /* Release */,
			);
			defaultConfigurationIsVisible = 0;
			defaultConfigurationName = Release;
		};
		301616361FD99F8C00A44594 /* Build configuration list for PBXNativeTarget "provaTests" */ = {
			isa = XCConfigurationList;
			buildConfigurations = (
				301616371FD99F8C00A44594 /* Debug */,
				301616381FD99F8C00A44594 /* Release */,
			);
			defaultConfigurationIsVisible = 0;
			defaultConfigurationName = Release;
		};
		301616391FD99F8C00A44594 /* Build configuration list for PBXNativeTarget "provaUITests" */ = {
			isa = XCConfigurationList;
			buildConfigurations = (
				3016163A1FD99F8C00A44594 /* Debug */,
				3016163B1FD99F8C00A44594 /* Release */,
			);
			defaultConfigurationIsVisible = 0;
			defaultConfigurationName = Release;
		};
/* End XCConfigurationList section */
	};
	rootObject = 301616031FD99F8C00A44594 /* Project object */;
}
